{
  "version": "4",
  "specifiers": {
    "jsr:@quentinadam/uuidv7@0.1.0": "0.1.0",
    "jsr:@std/assert@1": "1.0.6",
    "jsr:@std/bytes@^1.0.2": "1.0.2",
    "jsr:@std/cli@^1.0.6": "1.0.6",
    "jsr:@std/collections@^1.0.8": "1.0.8",
    "jsr:@std/crypto@^1.0.3": "1.0.3",
    "jsr:@std/fmt@^1.0.3": "1.0.3",
    "jsr:@std/internal@^1.0.4": "1.0.4",
    "jsr:@std/path@^1.0.8": "1.0.8",
    "jsr:@std/semver@*": "1.0.3",
    "jsr:@std/text@^1.0.8": "1.0.8",
    "jsr:@std/uuid@1.0.4": "1.0.4",
    "jsr:@std/yaml@*": "1.0.5",
    "jsr:@utility/git@0.4.1": "0.4.1",
    "npm:@faker-js/faker@*": "8.4.1",
    "npm:@faker-js/faker@8.4.1": "8.4.1",
    "npm:@types/node@*": "22.5.4",
    "npm:color-convert@*": "2.0.1",
    "npm:color-convert@2.0.1": "2.0.1",
    "npm:yaml@*": "2.5.1"
  },
  "jsr": {
    "@quentinadam/uuidv7@0.1.0": {
      "integrity": "9d9a5e6dc71fa603723945f9be4a5113b83e73cc0cb3562fac68c9ebd104e241"
    },
    "@std/assert@1.0.6": {
      "integrity": "1904c05806a25d94fe791d6d883b685c9e2dcd60e4f9fc30f4fc5cf010c72207",
      "dependencies": [
        "jsr:@std/internal"
      ]
    },
    "@std/bytes@1.0.2": {
      "integrity": "fbdee322bbd8c599a6af186a1603b3355e59a5fb1baa139f8f4c3c9a1b3e3d57"
    },
    "@std/cli@1.0.6": {
      "integrity": "d22d8b38c66c666d7ad1f2a66c5b122da1704f985d3c47f01129f05abb6c5d3d"
    },
    "@std/collections@1.0.8": {
      "integrity": "de76692f9121838711b1d2fb5042619c074db26905a87b58cff56cfe1bd6d6d0"
    },
    "@std/crypto@1.0.3": {
      "integrity": "a2a32f51ddef632d299e3879cd027c630dcd4d1d9a5285d6e6788072f4e51e7f"
    },
    "@std/fmt@1.0.3": {
      "integrity": "97765c16aa32245ff4e2204ecf7d8562496a3cb8592340a80e7e554e0bb9149f"
    },
    "@std/internal@1.0.4": {
      "integrity": "62e8e4911527e5e4f307741a795c0b0a9e6958d0b3790716ae71ce085f755422"
    },
    "@std/path@1.0.8": {
      "integrity": "548fa456bb6a04d3c1a1e7477986b6cffbce95102d0bb447c67c4ee70e0364be"
    },
    "@std/semver@1.0.3": {
      "integrity": "7c139c6076a080eeaa4252c78b95ca5302818d7eafab0470d34cafd9930c13c8"
    },
    "@std/text@1.0.8": {
      "integrity": "40ba34caa095f393e78796e5eda37b8b4e2cc6cfd6f51f34658ad7487b1451e4"
    },
    "@std/uuid@1.0.4": {
      "integrity": "f4233149cc8b4753cc3763fd83a7c4101699491f55c7be78dc7b30281946d7a0",
      "dependencies": [
        "jsr:@std/bytes",
        "jsr:@std/crypto"
      ]
    },
    "@std/yaml@1.0.5": {
      "integrity": "71ba3d334305ee2149391931508b2c293a8490f94a337eef3a09cade1a2a2742"
    },
    "@utility/git@0.4.1": {
      "integrity": "2b30af32a85096b85bcffa3b9d8ee96812231bddb8a2f2f29750b4f1ac1cb04b"
    }
  },
  "npm": {
    "@faker-js/faker@8.4.1": {
      "integrity": "sha512-XQ3cU+Q8Uqmrbf2e0cIC/QN43sTBSC8KF12u29Mb47tWrt2hAgBXSgpZMj4Ao8Uk0iJcU99QsOCaIL8934obCg=="
    },
    "@types/node@22.5.4": {
      "integrity": "sha512-FDuKUJQm/ju9fT/SeX/6+gBzoPzlVCzfzmGkwKvRHQVxi4BntVbyIwf6a4Xn62mrvndLiml6z/UBXIdEVjQLXg==",
      "dependencies": [
        "undici-types"
      ]
    },
    "color-convert@2.0.1": {
      "integrity": "sha512-RRECPsj7iu/xb5oKYcsFHSppFNnsj/52OVTRKb4zP5onXwVF3zVmmToNcOfGC+CRDpfK/U584fMg38ZHCaElKQ==",
      "dependencies": [
        "color-name"
      ]
    },
    "color-name@1.1.4": {
      "integrity": "sha512-dOy+3AuW3a2wNbZHIuMZpTcgjGuLU/uBL/ubcZF9OXbDo8ff4O8yVp5Bf0efS8uEoYo5q4Fx7dY9OgQGXgAsQA=="
    },
    "undici-types@6.19.8": {
      "integrity": "sha512-ve2KP6f/JnbPBFyobGHuerC9g1FYGn/F8n1LWTwNxCEzd6IfqTwUQcNXgEtmmQ6DlRrC1hrSrBnCZPokRrDHjw=="
    },
    "yaml@2.5.1": {
      "integrity": "sha512-bLQOjaX/ADgQ20isPJRvF0iRUHIxVhYvr53Of7wGcWlO2jvtUlH5m87DsmulFVxRpNLOnI4tB6p/oh8D7kpn9Q=="
    }
  },
  "workspace": {
    "dependencies": [
      "jsr:@jsr/yaml@1.0.5",
      "jsr:@quentinadam/uuidv7@0.1.0",
      "jsr:@std/assert@1",
      "jsr:@std/cli@^1.0.6",
      "jsr:@std/collections@^1.0.8",
      "jsr:@std/crypto@^1.0.3",
      "jsr:@std/fmt@^1.0.3",
      "jsr:@std/path@^1.0.8",
      "jsr:@std/text@^1.0.8",
      "jsr:@std/uuid@1.0.4",
      "jsr:@utility/git@0.4.1",
      "npm:@faker-js/faker@8.4.1",
      "npm:color-convert@2.0.1"
    ]
  }
}
